
Microsoft Visual Studio Solution File, Format Version 12.00
# Visual Studio Version 17
VisualStudioVersion = 17.4.33122.133
MinimumVisualStudioVersion = 10.0.40219.1
Project("{9A19103F-16F7-4668-BE54-9A1E7A4F7556}") = "LeaveManagement.Web", "LeaveManagement.Web\LeaveManagement.Web.csproj", "{2FDA9400-2BC4-4279-9D54-EC40EB71C607}"
EndProject
Global
	GlobalSection(SolutionConfigurationPlatforms) = preSolution
		Debug|Any CPU = Debug|Any CPU
		Release|Any CPU = Release|Any CPU
	EndGlobalSection
	GlobalSection(ProjectConfigurationPlatforms) = postSolution
		{2FDA9400-2BC4-4279-9D54-EC40EB71C607}.Debug|Any CPU.ActiveCfg = Debug|Any CPU
		{2FDA9400-2BC4-4279-9D54-EC40EB71C607}.Debug|Any CPU.Build.0 = Debug|Any CPU
		{2FDA9400-2BC4-4279-9D54-EC40EB71C607}.Release|Any CPU.ActiveCfg = Release|Any CPU
		{2FDA9400-2BC4-4279-9D54-EC40EB71C607}.Release|Any CPU.Build.0 = Release|Any CPU
	EndGlobalSection
	GlobalSection(SolutionProperties) = preSolution
		HideSolutionNode = FALSE
	EndGlobalSection
	GlobalSection(ExtensibilityGlobals) = postSolution
		SolutionGuid = {3F047B54-1570-4F7A-AC0D-556473C3AE41}
	EndGlobalSection
EndGlobal
